
Microsoft Visual Studio Solution File, Format Version 12.00
# Visual Studio Version 16
VisualStudioVersion = 16.0.30804.86
MinimumVisualStudioVersion = 10.0.40219.1
Project("{FAE04EC0-301F-11D3-BF4B-00C04F79EFBC}") = "Shadowverse JCG Rotation Result", "Shadowverse JCG Rotation Result\Shadowverse JCG Rotation Result.csproj", "{9161287E-98E4-401F-9D09-2DAD64EB2AA3}"
EndProject
Global
	GlobalSection(SolutionConfigurationPlatforms) = preSolution
		Debug|Any CPU = Debug|Any CPU
		Release|Any CPU = Release|Any CPU
	EndGlobalSection
	GlobalSection(ProjectConfigurationPlatforms) = postSolution
		{9161287E-98E4-401F-9D09-2DAD64EB2AA3}.Debug|Any CPU.ActiveCfg = Debug|Any CPU
		{9161287E-98E4-401F-9D09-2DAD64EB2AA3}.Debug|Any CPU.Build.0 = Debug|Any CPU
		{9161287E-98E4-401F-9D09-2DAD64EB2AA3}.Release|Any CPU.ActiveCfg = Release|Any CPU
		{9161287E-98E4-401F-9D09-2DAD64EB2AA3}.Release|Any CPU.Build.0 = Release|Any CPU
	EndGlobalSection
	GlobalSection(SolutionProperties) = preSolution
		HideSolutionNode = FALSE
	EndGlobalSection
	GlobalSection(ExtensibilityGlobals) = postSolution
		SolutionGuid = {57EB168F-3D92-4286-80B9-D1DD7868A84A}
	EndGlobalSection
EndGlobal
